
Microsoft Visual Studio Solution File, Format Version 12.00
# Visual Studio Version 17
VisualStudioVersion = 17.0.31903.59
MinimumVisualStudioVersion = 10.0.40219.1
Project("{2150E333-8FDC-42A3-9474-1A3956D46DE8}") = "src", "src", "{827E0CD3-B72D-47B6-A68D-7590B98EB39B}"
EndProject
Project("{FAE04EC0-301F-11D3-BF4B-00C04F79EFBC}") = "AppointmentService.Api", "src\AppointmentService.Api\AppointmentService.Api.csproj", "{4244F0E6-1AA8-48B7-86AB-5FE5E6483477}"
EndProject
Project("{FAE04EC0-301F-11D3-BF4B-00C04F79EFBC}") = "AppointmentService.Data", "src\AppointmentService.Data\AppointmentService.Data.csproj", "{45C9BCC5-9593-4F9A-AE82-F7D1D6651336}"
EndProject
Project("{FAE04EC0-301F-11D3-BF4B-00C04F79EFBC}") = "AppointmentService.Repository", "src\AppointmentService.Repository\AppointmentService.Repository.csproj", "{BD24A302-663F-47AA-A293-6E54EDACCB60}"
EndProject
Project("{FAE04EC0-301F-11D3-BF4B-00C04F79EFBC}") = "AppointmentService.InternalModels", "src\AppointmentService.InternalModels\AppointmentService.InternalModels.csproj", "{AE9F9095-9E40-4373-B07B-3B43079E5336}"
EndProject
Project("{FAE04EC0-301F-11D3-BF4B-00C04F79EFBC}") = "AppointmentService.Services", "src\AppointmentService.Services\AppointmentService.Services.csproj", "{E6FEE648-BE48-4C39-9C57-64DBF68CE20D}"
EndProject
Project("{FAE04EC0-301F-11D3-BF4B-00C04F79EFBC}") = "AppointmentService.Utils", "src\AppointmentService.Utils\AppointmentService.Utils.csproj", "{020FC1D1-4F15-420F-A6D0-E9EDCD9D3773}"
EndProject
Global
	GlobalSection(SolutionConfigurationPlatforms) = preSolution
		Debug|Any CPU = Debug|Any CPU
		Debug|x64 = Debug|x64
		Debug|x86 = Debug|x86
		Release|Any CPU = Release|Any CPU
		Release|x64 = Release|x64
		Release|x86 = Release|x86
	EndGlobalSection
	GlobalSection(ProjectConfigurationPlatforms) = postSolution
		{4244F0E6-1AA8-48B7-86AB-5FE5E6483477}.Debug|Any CPU.ActiveCfg = Debug|Any CPU
		{4244F0E6-1AA8-48B7-86AB-5FE5E6483477}.Debug|Any CPU.Build.0 = Debug|Any CPU
		{4244F0E6-1AA8-48B7-86AB-5FE5E6483477}.Debug|x64.ActiveCfg = Debug|Any CPU
		{4244F0E6-1AA8-48B7-86AB-5FE5E6483477}.Debug|x64.Build.0 = Debug|Any CPU
		{4244F0E6-1AA8-48B7-86AB-5FE5E6483477}.Debug|x86.ActiveCfg = Debug|Any CPU
		{4244F0E6-1AA8-48B7-86AB-5FE5E6483477}.Debug|x86.Build.0 = Debug|Any CPU
		{4244F0E6-1AA8-48B7-86AB-5FE5E6483477}.Release|Any CPU.ActiveCfg = Release|Any CPU
		{4244F0E6-1AA8-48B7-86AB-5FE5E6483477}.Release|Any CPU.Build.0 = Release|Any CPU
		{4244F0E6-1AA8-48B7-86AB-5FE5E6483477}.Release|x64.ActiveCfg = Release|Any CPU
		{4244F0E6-1AA8-48B7-86AB-5FE5E6483477}.Release|x64.Build.0 = Release|Any CPU
		{4244F0E6-1AA8-48B7-86AB-5FE5E6483477}.Release|x86.ActiveCfg = Release|Any CPU
		{4244F0E6-1AA8-48B7-86AB-5FE5E6483477}.Release|x86.Build.0 = Release|Any CPU
		{45C9BCC5-9593-4F9A-AE82-F7D1D6651336}.Debug|Any CPU.ActiveCfg = Debug|Any CPU
		{45C9BCC5-9593-4F9A-AE82-F7D1D6651336}.Debug|Any CPU.Build.0 = Debug|Any CPU
		{45C9BCC5-9593-4F9A-AE82-F7D1D6651336}.Debug|x64.ActiveCfg = Debug|Any CPU
		{45C9BCC5-9593-4F9A-AE82-F7D1D6651336}.Debug|x64.Build.0 = Debug|Any CPU
		{45C9BCC5-9593-4F9A-AE82-F7D1D6651336}.Debug|x86.ActiveCfg = Debug|Any CPU
		{45C9BCC5-9593-4F9A-AE82-F7D1D6651336}.Debug|x86.Build.0 = Debug|Any CPU
		{45C9BCC5-9593-4F9A-AE82-F7D1D6651336}.Release|Any CPU.ActiveCfg = Release|Any CPU
		{45C9BCC5-9593-4F9A-AE82-F7D1D6651336}.Release|Any CPU.Build.0 = Release|Any CPU
		{45C9BCC5-9593-4F9A-AE82-F7D1D6651336}.Release|x64.ActiveCfg = Release|Any CPU
		{45C9BCC5-9593-4F9A-AE82-F7D1D6651336}.Release|x64.Build.0 = Release|Any CPU
		{45C9BCC5-9593-4F9A-AE82-F7D1D6651336}.Release|x86.ActiveCfg = Release|Any CPU
		{45C9BCC5-9593-4F9A-AE82-F7D1D6651336}.Release|x86.Build.0 = Release|Any CPU
		{BD24A302-663F-47AA-A293-6E54EDACCB60}.Debug|Any CPU.ActiveCfg = Debug|Any CPU
		{BD24A302-663F-47AA-A293-6E54EDACCB60}.Debug|Any CPU.Build.0 = Debug|Any CPU
		{BD24A302-663F-47AA-A293-6E54EDACCB60}.Debug|x64.ActiveCfg = Debug|Any CPU
		{BD24A302-663F-47AA-A293-6E54EDACCB60}.Debug|x64.Build.0 = Debug|Any CPU
		{BD24A302-663F-47AA-A293-6E54EDACCB60}.Debug|x86.ActiveCfg = Debug|Any CPU
		{BD24A302-663F-47AA-A293-6E54EDACCB60}.Debug|x86.Build.0 = Debug|Any CPU
		{BD24A302-663F-47AA-A293-6E54EDACCB60}.Release|Any CPU.ActiveCfg = Release|Any CPU
		{BD24A302-663F-47AA-A293-6E54EDACCB60}.Release|Any CPU.Build.0 = Release|Any CPU
		{BD24A302-663F-47AA-A293-6E54EDACCB60}.Release|x64.ActiveCfg = Release|Any CPU
		{BD24A302-663F-47AA-A293-6E54EDACCB60}.Release|x64.Build.0 = Release|Any CPU
		{BD24A302-663F-47AA-A293-6E54EDACCB60}.Release|x86.ActiveCfg = Release|Any CPU
		{BD24A302-663F-47AA-A293-6E54EDACCB60}.Release|x86.Build.0 = Release|Any CPU
		{AE9F9095-9E40-4373-B07B-3B43079E5336}.Debug|Any CPU.ActiveCfg = Debug|Any CPU
		{AE9F9095-9E40-4373-B07B-3B43079E5336}.Debug|Any CPU.Build.0 = Debug|Any CPU
		{AE9F9095-9E40-4373-B07B-3B43079E5336}.Debug|x64.ActiveCfg = Debug|Any CPU
		{AE9F9095-9E40-4373-B07B-3B43079E5336}.Debug|x64.Build.0 = Debug|Any CPU
		{AE9F9095-9E40-4373-B07B-3B43079E5336}.Debug|x86.ActiveCfg = Debug|Any CPU
		{AE9F9095-9E40-4373-B07B-3B43079E5336}.Debug|x86.Build.0 = Debug|Any CPU
		{AE9F9095-9E40-4373-B07B-3B43079E5336}.Release|Any CPU.ActiveCfg = Release|Any CPU
		{AE9F9095-9E40-4373-B07B-3B43079E5336}.Release|Any CPU.Build.0 = Release|Any CPU
		{AE9F9095-9E40-4373-B07B-3B43079E5336}.Release|x64.ActiveCfg = Release|Any CPU
		{AE9F9095-9E40-4373-B07B-3B43079E5336}.Release|x64.Build.0 = Release|Any CPU
		{AE9F9095-9E40-4373-B07B-3B43079E5336}.Release|x86.ActiveCfg = Release|Any CPU
		{AE9F9095-9E40-4373-B07B-3B43079E5336}.Release|x86.Build.0 = Release|Any CPU
		{E6FEE648-BE48-4C39-9C57-64DBF68CE20D}.Debug|Any CPU.ActiveCfg = Debug|Any CPU
		{E6FEE648-BE48-4C39-9C57-64DBF68CE20D}.Debug|Any CPU.Build.0 = Debug|Any CPU
		{E6FEE648-BE48-4C39-9C57-64DBF68CE20D}.Debug|x64.ActiveCfg = Debug|Any CPU
		{E6FEE648-BE48-4C39-9C57-64DBF68CE20D}.Debug|x64.Build.0 = Debug|Any CPU
		{E6FEE648-BE48-4C39-9C57-64DBF68CE20D}.Debug|x86.ActiveCfg = Debug|Any CPU
		{E6FEE648-BE48-4C39-9C57-64DBF68CE20D}.Debug|x86.Build.0 = Debug|Any CPU
		{E6FEE648-BE48-4C39-9C57-64DBF68CE20D}.Release|Any CPU.ActiveCfg = Release|Any CPU
		{E6FEE648-BE48-4C39-9C57-64DBF68CE20D}.Release|Any CPU.Build.0 = Release|Any CPU
		{E6FEE648-BE48-4C39-9C57-64DBF68CE20D}.Release|x64.ActiveCfg = Release|Any CPU
		{E6FEE648-BE48-4C39-9C57-64DBF68CE20D}.Release|x64.Build.0 = Release|Any CPU
		{E6FEE648-BE48-4C39-9C57-64DBF68CE20D}.Release|x86.ActiveCfg = Release|Any CPU
		{E6FEE648-BE48-4C39-9C57-64DBF68CE20D}.Release|x86.Build.0 = Release|Any CPU
		{020FC1D1-4F15-420F-A6D0-E9EDCD9D3773}.Debug|Any CPU.ActiveCfg = Debug|Any CPU
		{020FC1D1-4F15-420F-A6D0-E9EDCD9D3773}.Debug|Any CPU.Build.0 = Debug|Any CPU
		{020FC1D1-4F15-420F-A6D0-E9EDCD9D3773}.Debug|x64.ActiveCfg = Debug|Any CPU
		{020FC1D1-4F15-420F-A6D0-E9EDCD9D3773}.Debug|x64.Build.0 = Debug|Any CPU
		{020FC1D1-4F15-420F-A6D0-E9EDCD9D3773}.Debug|x86.ActiveCfg = Debug|Any CPU
		{020FC1D1-4F15-420F-A6D0-E9EDCD9D3773}.Debug|x86.Build.0 = Debug|Any CPU
		{020FC1D1-4F15-420F-A6D0-E9EDCD9D3773}.Release|Any CPU.ActiveCfg = Release|Any CPU
		{020FC1D1-4F15-420F-A6D0-E9EDCD9D3773}.Release|Any CPU.Build.0 = Release|Any CPU
		{020FC1D1-4F15-420F-A6D0-E9EDCD9D3773}.Release|x64.ActiveCfg = Release|Any CPU
		{020FC1D1-4F15-420F-A6D0-E9EDCD9D3773}.Release|x64.Build.0 = Release|Any CPU
		{020FC1D1-4F15-420F-A6D0-E9EDCD9D3773}.Release|x86.ActiveCfg = Release|Any CPU
		{020FC1D1-4F15-420F-A6D0-E9EDCD9D3773}.Release|x86.Build.0 = Release|Any CPU
	EndGlobalSection
	GlobalSection(SolutionProperties) = preSolution
		HideSolutionNode = FALSE
	EndGlobalSection
	GlobalSection(NestedProjects) = preSolution
		{4244F0E6-1AA8-48B7-86AB-5FE5E6483477} = {827E0CD3-B72D-47B6-A68D-7590B98EB39B}
		{45C9BCC5-9593-4F9A-AE82-F7D1D6651336} = {827E0CD3-B72D-47B6-A68D-7590B98EB39B}
		{BD24A302-663F-47AA-A293-6E54EDACCB60} = {827E0CD3-B72D-47B6-A68D-7590B98EB39B}
		{AE9F9095-9E40-4373-B07B-3B43079E5336} = {827E0CD3-B72D-47B6-A68D-7590B98EB39B}
		{E6FEE648-BE48-4C39-9C57-64DBF68CE20D} = {827E0CD3-B72D-47B6-A68D-7590B98EB39B}
		{020FC1D1-4F15-420F-A6D0-E9EDCD9D3773} = {827E0CD3-B72D-47B6-A68D-7590B98EB39B}
	EndGlobalSection
EndGlobal
